// !$*UTF8*$!
{
 archiveVersion = 1; objectVersion = 77; objects = {
 B10000000000000000000001 = {isa = PBXBuildFile; fileRef = C10000000000000000000001;};
 B10000000000000000000002 = {isa = PBXBuildFile; fileRef = C10000000000000000000002;};
 B10000000000000000000003 = {isa = PBXBuildFile; fileRef = C10000000000000000000003;};
 B10000000000000000000004 = {isa = PBXBuildFile; fileRef = C10000000000000000000004;};
 B10000000000000000000005 = {isa = PBXBuildFile; fileRef = C10000000000000000000005;};
 B10000000000000000000006 = {isa = PBXBuildFile; fileRef = C10000000000000000000006;};
 B10000000000000000000007 = {isa = PBXBuildFile; fileRef = C10000000000000000000007;};
 B10000000000000000000008 = {isa = PBXBuildFile; fileRef = C10000000000000000000008;};
 B10000000000000000000009 = {isa = PBXBuildFile; fileRef = C10000000000000000000009;};
 B1000000000000000000000A = {isa = PBXBuildFile; fileRef = C1000000000000000000000C;};
 B1000000000000000000000B = {isa = PBXBuildFile; fileRef = C1000000000000000000000D;};
 B1000000000000000000000C = {isa = PBXBuildFile; fileRef = C1000000000000000000000E;};
 B1000000000000000000000D = {isa = PBXBuildFile; fileRef = C1000000000000000000000F;};
 C10000000000000000000001 = {isa = PBXFileReference; lastKnownFileType = sourcecode.swift; path = DueDay/DueDayApp.swift; sourceTree = "<group>";};
 C10000000000000000000002 = {isa = PBXFileReference; lastKnownFileType = sourcecode.swift; path = DueDay/Bill.swift; sourceTree = "<group>";};
 C10000000000000000000003 = {isa = PBXFileReference; lastKnownFileType = sourcecode.swift; path = DueDay/PeriodCalculator.swift; sourceTree = "<group>";};
 C10000000000000000000004 = {isa = PBXFileReference; lastKnownFileType = sourcecode.swift; path = DueDay/Glass.swift; sourceTree = "<group>";};
 C10000000000000000000005 = {isa = PBXFileReference; lastKnownFileType = sourcecode.swift; path = AppShellView.swift; sourceTree = "<group>";};
 C10000000000000000000006 = {isa = PBXFileReference; lastKnownFileType = sourcecode.swift; path = BillFormView.swift; sourceTree = "<group>";};
 C10000000000000000000007 = {isa = PBXFileReference; lastKnownFileType = sourcecode.swift; path = DetailStatsProfile.swift; sourceTree = "<group>";};
 C10000000000000000000008 = {isa = PBXFileReference; lastKnownFileType = folder.assetcatalog; path = DueDay/Assets.xcassets; sourceTree = "<group>";};
 C10000000000000000000009 = {isa = PBXFileReference; lastKnownFileType = sourcecode.swift; path = DueDayTests/PeriodCalculatorTests.swift; sourceTree = "<group>";};
 C1000000000000000000000C = {isa = PBXFileReference; lastKnownFileType = sourcecode.swift; path = DueDay/Notifications.swift; sourceTree = "<group>";};
 C1000000000000000000000D = {isa = PBXFileReference; lastKnownFileType = sourcecode.swift; path = DueDay/Backup.swift; sourceTree = "<group>";};
 C1000000000000000000000E = {isa = PBXFileReference; lastKnownFileType = sourcecode.swift; path = BackupView.swift; sourceTree = "<group>";};
 C1000000000000000000000F = {isa = PBXFileReference; lastKnownFileType = sourcecode.swift; path = DueDayUITests/DueDayUITests.swift; sourceTree = "<group>";};
 C1000000000000000000000A = {isa = PBXFileReference; explicitFileType = wrapper.application; path = DueDay.app; sourceTree = BUILT_PRODUCTS_DIR;};
 C1000000000000000000000B = {isa = PBXFileReference; explicitFileType = wrapper.cfbundle; path = DueDayTests.xctest; sourceTree = BUILT_PRODUCTS_DIR;};
 C10000000000000000000010 = {isa = PBXFileReference; explicitFileType = wrapper.cfbundle; path = DueDayUITests.xctest; sourceTree = BUILT_PRODUCTS_DIR;};
 D10000000000000000000001 = {isa = PBXGroup; children = (C10000000000000000000001,C10000000000000000000002,C10000000000000000000003,C10000000000000000000004,C10000000000000000000005,C10000000000000000000006,C10000000000000000000007,C10000000000000000000008,C10000000000000000000009,C1000000000000000000000C,C1000000000000000000000D,C1000000000000000000000E,C1000000000000000000000F,D10000000000000000000002); sourceTree = "<group>";};
 D10000000000000000000002 = {isa = PBXGroup; children = (C1000000000000000000000A,C1000000000000000000000B,C10000000000000000000010); name = Products; sourceTree = "<group>";};
 E10000000000000000000001 = {isa = PBXSourcesBuildPhase; buildActionMask = 2147483647; files = (B10000000000000000000001,B10000000000000000000002,B10000000000000000000003,B10000000000000000000004,B10000000000000000000005,B10000000000000000000006,B10000000000000000000007,B1000000000000000000000A,B1000000000000000000000B,B1000000000000000000000C); runOnlyForDeploymentPostprocessing = 0;};
 E10000000000000000000002 = {isa = PBXResourcesBuildPhase; buildActionMask = 2147483647; files = (B10000000000000000000008); runOnlyForDeploymentPostprocessing = 0;};
 E10000000000000000000003 = {isa = PBXFrameworksBuildPhase; buildActionMask = 2147483647; files = (); runOnlyForDeploymentPostprocessing = 0;};
 E10000000000000000000004 = {isa = PBXSourcesBuildPhase; buildActionMask = 2147483647; files = (B10000000000000000000009); runOnlyForDeploymentPostprocessing = 0;};
 E10000000000000000000005 = {isa = PBXFrameworksBuildPhase; buildActionMask = 2147483647; files = (); runOnlyForDeploymentPostprocessing = 0;};
 E10000000000000000000006 = {isa = PBXSourcesBuildPhase; buildActionMask = 2147483647; files = (B1000000000000000000000D); runOnlyForDeploymentPostprocessing = 0;};
 E10000000000000000000007 = {isa = PBXFrameworksBuildPhase; buildActionMask = 2147483647; files = (); runOnlyForDeploymentPostprocessing = 0;};
 F10000000000000000000001 = {isa = PBXNativeTarget; buildConfigurationList = F20000000000000000000001; buildPhases = (E10000000000000000000001,E10000000000000000000003,E10000000000000000000002); name = DueDay; productName = DueDay; productReference = C1000000000000000000000A; productType = "com.apple.product-type.application";};
 F10000000000000000000002 = {isa = PBXNativeTarget; buildConfigurationList = F20000000000000000000003; buildPhases = (E10000000000000000000004,E10000000000000000000005); dependencies = (F50000000000000000000001); name = DueDayTests; productName = DueDayTests; productReference = C1000000000000000000000B; productType = "com.apple.product-type.bundle.unit-test";};
 F10000000000000000000003 = {isa = PBXNativeTarget; buildConfigurationList = F20000000000000000000004; buildPhases = (E10000000000000000000006,E10000000000000000000007); dependencies = (F50000000000000000000002); name = DueDayUITests; productName = DueDayUITests; productReference = C10000000000000000000010; productType = "com.apple.product-type.bundle.ui-testing";};
 F30000000000000000000001 = {isa = PBXProject; buildConfigurationList = F20000000000000000000002; compatibilityVersion = "Xcode 16.0"; developmentRegion = zh-Hans; knownRegions = (en,zh-Hans); mainGroup = D10000000000000000000001; productRefGroup = D10000000000000000000002; targets = (F10000000000000000000001,F10000000000000000000002,F10000000000000000000003);};
 F20000000000000000000001 = {isa = XCConfigurationList; buildConfigurations = (F40000000000000000000001,F40000000000000000000002); defaultConfigurationName = Release;};
 F20000000000000000000002 = {isa = XCConfigurationList; buildConfigurations = (F40000000000000000000003,F40000000000000000000004); defaultConfigurationName = Release;};
 F20000000000000000000003 = {isa = XCConfigurationList; buildConfigurations = (F40000000000000000000005,F40000000000000000000006); defaultConfigurationName = Release;};
 F20000000000000000000004 = {isa = XCConfigurationList; buildConfigurations = (F40000000000000000000007,F40000000000000000000008); defaultConfigurationName = Release;};
 F40000000000000000000001 = {isa = XCBuildConfiguration; buildSettings = {ASSETCATALOG_COMPILER_APPICON_NAME = AppIcon; ENABLE_TESTABILITY = YES; GENERATE_INFOPLIST_FILE = YES; INFOPLIST_KEY_UILaunchScreen_Generation = YES; IPHONEOS_DEPLOYMENT_TARGET = 17.0; PRODUCT_BUNDLE_IDENTIFIER = com.dueday.native; PRODUCT_NAME = "$(TARGET_NAME)"; SDKROOT = iphoneos; SUPPORTED_PLATFORMS = "iphoneos iphonesimulator"; SUPPORTS_MACCATALYST = NO; SUPPORTS_MAC_DESIGNED_FOR_IPHONE_IPAD = NO; SWIFT_ACTIVE_COMPILATION_CONDITIONS = DEBUG; SWIFT_VERSION = 5.0; TARGETED_DEVICE_FAMILY = "1,2";}; name = Debug;};
 F40000000000000000000002 = {isa = XCBuildConfiguration; buildSettings = {ASSETCATALOG_COMPILER_APPICON_NAME = AppIcon; GENERATE_INFOPLIST_FILE = YES; INFOPLIST_KEY_UILaunchScreen_Generation = YES; IPHONEOS_DEPLOYMENT_TARGET = 17.0; PRODUCT_BUNDLE_IDENTIFIER = com.dueday.native; PRODUCT_NAME = "$(TARGET_NAME)"; SDKROOT = iphoneos; SUPPORTED_PLATFORMS = "iphoneos iphonesimulator"; SUPPORTS_MACCATALYST = NO; SUPPORTS_MAC_DESIGNED_FOR_IPHONE_IPAD = NO; SWIFT_VERSION = 5.0; TARGETED_DEVICE_FAMILY = "1,2";}; name = Release;};
 F40000000000000000000003 = {isa = XCBuildConfiguration; buildSettings = {ALWAYS_SEARCH_USER_PATHS = NO; PRODUCT_NAME = "$(TARGET_NAME)";}; name = Debug;}; F40000000000000000000004 = {isa = XCBuildConfiguration; buildSettings = {ALWAYS_SEARCH_USER_PATHS = NO; PRODUCT_NAME = "$(TARGET_NAME)";}; name = Release;};
 F40000000000000000000005 = {isa = XCBuildConfiguration; buildSettings = {BUNDLE_LOADER = "$(TEST_HOST)"; GENERATE_INFOPLIST_FILE = YES; IPHONEOS_DEPLOYMENT_TARGET = 17.0; PRODUCT_BUNDLE_IDENTIFIER = com.dueday.nativeTests; PRODUCT_NAME = "$(TARGET_NAME)"; SDKROOT = iphoneos; SUPPORTED_PLATFORMS = "iphoneos iphonesimulator"; TEST_HOST = "$(BUILT_PRODUCTS_DIR)/DueDay.app/DueDay"; SWIFT_VERSION = 5.0; TARGETED_DEVICE_FAMILY = "1,2";}; name = Debug;};
 F40000000000000000000006 = {isa = XCBuildConfiguration; buildSettings = {BUNDLE_LOADER = "$(TEST_HOST)"; GENERATE_INFOPLIST_FILE = YES; IPHONEOS_DEPLOYMENT_TARGET = 17.0; PRODUCT_BUNDLE_IDENTIFIER = com.dueday.nativeTests; PRODUCT_NAME = "$(TARGET_NAME)"; SDKROOT = iphoneos; SUPPORTED_PLATFORMS = "iphoneos iphonesimulator"; TEST_HOST = "$(BUILT_PRODUCTS_DIR)/DueDay.app/DueDay"; SWIFT_VERSION = 5.0; TARGETED_DEVICE_FAMILY = "1,2";}; name = Release;};
 F40000000000000000000007 = {isa = XCBuildConfiguration; buildSettings = {GENERATE_INFOPLIST_FILE = YES; IPHONEOS_DEPLOYMENT_TARGET = 17.0; PRODUCT_BUNDLE_IDENTIFIER = com.dueday.nativeUITests; PRODUCT_NAME = "$(TARGET_NAME)"; SDKROOT = iphoneos; SUPPORTED_PLATFORMS = "iphoneos iphonesimulator"; SWIFT_VERSION = 5.0; TARGETED_DEVICE_FAMILY = "1,2"; TEST_TARGET_NAME = DueDay;}; name = Debug;};
 F40000000000000000000008 = {isa = XCBuildConfiguration; buildSettings = {GENERATE_INFOPLIST_FILE = YES; IPHONEOS_DEPLOYMENT_TARGET = 17.0; PRODUCT_BUNDLE_IDENTIFIER = com.dueday.nativeUITests; PRODUCT_NAME = "$(TARGET_NAME)"; SDKROOT = iphoneos; SUPPORTED_PLATFORMS = "iphoneos iphonesimulator"; SWIFT_VERSION = 5.0; TARGETED_DEVICE_FAMILY = "1,2"; TEST_TARGET_NAME = DueDay;}; name = Release;};
 F50000000000000000000001 = {isa = PBXTargetDependency; target = F10000000000000000000001;};
 F50000000000000000000002 = {isa = PBXTargetDependency; target = F10000000000000000000001;};
 }; rootObject = F30000000000000000000001; }
